
Microsoft Visual Studio Solution File, Format Version 12.00
Project("{FAE04EC0-301F-11D3-BF4B-00C04F79EFBC}") = "OrderEventProcessor", "OrderEventProcessor\OrderEventProcessor.csproj", "{DC26147C-1D6C-46BE-B9A2-6044F5B534A3}"
EndProject
Project("{2150E333-8FDC-42A3-9474-1A3956D46DE8}") = "Solution Items", "Solution Items", "{714A149B-CCCD-486B-8364-E297B9701A2B}"
	ProjectSection(SolutionItems) = preProject
		docker-compose.yml = docker-compose.yml
	EndProjectSection
EndProject
Project("{FAE04EC0-301F-11D3-BF4B-00C04F79EFBC}") = "Test", "Test\Test.csproj", "{BFF2F75F-DF46-4AD1-AFE5-B816228ADAC6}"
EndProject
Global
	GlobalSection(SolutionConfigurationPlatforms) = preSolution
		Debug|Any CPU = Debug|Any CPU
		Release|Any CPU = Release|Any CPU
	EndGlobalSection
	GlobalSection(ProjectConfigurationPlatforms) = postSolution
		{DC26147C-1D6C-46BE-B9A2-6044F5B534A3}.Debug|Any CPU.ActiveCfg = Debug|Any CPU
		{DC26147C-1D6C-46BE-B9A2-6044F5B534A3}.Debug|Any CPU.Build.0 = Debug|Any CPU
		{DC26147C-1D6C-46BE-B9A2-6044F5B534A3}.Release|Any CPU.ActiveCfg = Release|Any CPU
		{DC26147C-1D6C-46BE-B9A2-6044F5B534A3}.Release|Any CPU.Build.0 = Release|Any CPU
		{BFF2F75F-DF46-4AD1-AFE5-B816228ADAC6}.Debug|Any CPU.ActiveCfg = Debug|Any CPU
		{BFF2F75F-DF46-4AD1-AFE5-B816228ADAC6}.Debug|Any CPU.Build.0 = Debug|Any CPU
		{BFF2F75F-DF46-4AD1-AFE5-B816228ADAC6}.Release|Any CPU.ActiveCfg = Release|Any CPU
		{BFF2F75F-DF46-4AD1-AFE5-B816228ADAC6}.Release|Any CPU.Build.0 = Release|Any CPU
	EndGlobalSection
EndGlobal
